// !$*UTF8*$!
{
	archiveVersion = 1;
	classes = {
	};
	objectVersion = 50;
	objects = {

/* Begin PBXBuildFile section */
		F21C7A60223C4C4100037120 /* AppDelegate.swift in Sources */ = {isa = PBXBuildFile; fileRef = F21C7A5F223C4C4100037120 /* AppDelegate.swift */; };
		F21C7A62223C4C4100037120 /* ViewController.swift in Sources */ = {isa = PBXBuildFile; fileRef = F21C7A61223C4C4100037120 /* ViewController.swift */; };
		F21C7A65223C4C4100037120 /* Main.storyboard in Resources */ = {isa = PBXBuildFile; fileRef = F21C7A63223C4C4100037120 /* Main.storyboard */; };
		F21C7A67223C4C4300037120 /* Assets.xcassets in Resources */ = {isa = PBXBuildFile; fileRef = F21C7A66223C4C4300037120 /* Assets.xcassets */; };
		F21C7A6A223C4C4300037120 /* LaunchScreen.storyboard in Resources */ = {isa = PBXBuildFile; fileRef = F21C7A68223C4C4300037120 /* LaunchScreen.storyboard */; };
		F23FB60A2241516700CBC3B5 /* star-circle.png in Resources */ = {isa = PBXBuildFile; fileRef = F23FB6092241516700CBC3B5 /* star-circle.png */; };
		F29F54B422427BD000CCC0B8 /* Fireflies.swift in Sources */ = {isa = PBXBuildFile; fileRef = F29F54B322427BD000CCC0B8 /* Fireflies.swift */; };
		F29F54B622427DD300CCC0B8 /* firefly.png in Resources */ = {isa = PBXBuildFile; fileRef = F29F54B522427DD300CCC0B8 /* firefly.png */; };
		F29F54B822429EEC00CCC0B8 /* Sky.swift in Sources */ = {isa = PBXBuildFile; fileRef = F29F54B722429EEC00CCC0B8 /* Sky.swift */; };
		F29F54BC22430D2900CCC0B8 /* CornstalkImageView.swift in Sources */ = {isa = PBXBuildFile; fileRef = F29F54BB22430D2900CCC0B8 /* CornstalkImageView.swift */; };
		F29F54C922431B5900CCC0B8 /* cs9.png in Resources */ = {isa = PBXBuildFile; fileRef = F29F54BE22431B5900CCC0B8 /* cs9.png */; };
		F29F54CA22431B5900CCC0B8 /* cs2.png in Resources */ = {isa = PBXBuildFile; fileRef = F29F54BF22431B5900CCC0B8 /* cs2.png */; };
		F29F54CB22431B5900CCC0B8 /* cs8.png in Resources */ = {isa = PBXBuildFile; fileRef = F29F54C022431B5900CCC0B8 /* cs8.png */; };
		F29F54CC22431B5900CCC0B8 /* cs1.png in Resources */ = {isa = PBXBuildFile; fileRef = F29F54C122431B5900CCC0B8 /* cs1.png */; };
		F29F54CD22431B5900CCC0B8 /* cs5.png in Resources */ = {isa = PBXBuildFile; fileRef = F29F54C222431B5900CCC0B8 /* cs5.png */; };
		F29F54CE22431B5900CCC0B8 /* cs6.png in Resources */ = {isa = PBXBuildFile; fileRef = F29F54C322431B5900CCC0B8 /* cs6.png */; };
		F29F54CF22431B5900CCC0B8 /* cs10.png in Resources */ = {isa = PBXBuildFile; fileRef = F29F54C422431B5900CCC0B8 /* cs10.png */; };
		F29F54D022431B5900CCC0B8 /* cs7.png in Resources */ = {isa = PBXBuildFile; fileRef = F29F54C522431B5900CCC0B8 /* cs7.png */; };
		F29F54D122431B5900CCC0B8 /* cs4.png in Resources */ = {isa = PBXBuildFile; fileRef = F29F54C622431B5900CCC0B8 /* cs4.png */; };
		F29F54D222431B5900CCC0B8 /* cs3.png in Resources */ = {isa = PBXBuildFile; fileRef = F29F54C722431B5900CCC0B8 /* cs3.png */; };
		F29F54D322431B5900CCC0B8 /* cs11.png in Resources */ = {isa = PBXBuildFile; fileRef = F29F54C822431B5900CCC0B8 /* cs11.png */; };
		F29F54D522431BFD00CCC0B8 /* Cornfield.swift in Sources */ = {isa = PBXBuildFile; fileRef = F29F54D422431BFD00CCC0B8 /* Cornfield.swift */; };
/* End PBXBuildFile section */

/* Begin PBXFileReference section */
		F21C7A5C223C4C4100037120 /* wwdc-2019.app */ = {isa = PBXFileReference; explicitFileType = wrapper.application; includeInIndex = 0; path = "wwdc-2019.app"; sourceTree = BUILT_PRODUCTS_DIR; };
		F21C7A5F223C4C4100037120 /* AppDelegate.swift */ = {isa = PBXFileReference; lastKnownFileType = sourcecode.swift; path = AppDelegate.swift; sourceTree = "<group>"; };
		F21C7A61223C4C4100037120 /* ViewController.swift */ = {isa = PBXFileReference; lastKnownFileType = sourcecode.swift; path = ViewController.swift; sourceTree = "<group>"; };
		F21C7A64223C4C4100037120 /* Base */ = {isa = PBXFileReference; lastKnownFileType = file.storyboard; name = Base; path = Base.lproj/Main.storyboard; sourceTree = "<group>"; };
		F21C7A66223C4C4300037120 /* Assets.xcassets */ = {isa = PBXFileReference; lastKnownFileType = folder.assetcatalog; path = Assets.xcassets; sourceTree = "<group>"; };
		F21C7A69223C4C4300037120 /* Base */ = {isa = PBXFileReference; lastKnownFileType = file.storyboard; name = Base; path = Base.lproj/LaunchScreen.storyboard; sourceTree = "<group>"; };
		F21C7A6B223C4C4300037120 /* Info.plist */ = {isa = PBXFileReference; lastKnownFileType = text.plist.xml; path = Info.plist; sourceTree = "<group>"; };
		F23FB6092241516700CBC3B5 /* star-circle.png */ = {isa = PBXFileReference; lastKnownFileType = image.png; path = "star-circle.png"; sourceTree = "<group>"; };
		F29F54B322427BD000CCC0B8 /* Fireflies.swift */ = {isa = PBXFileReference; lastKnownFileType = sourcecode.swift; path = Fireflies.swift; sourceTree = "<group>"; };
		F29F54B522427DD300CCC0B8 /* firefly.png */ = {isa = PBXFileReference; lastKnownFileType = image.png; path = firefly.png; sourceTree = "<group>"; };
		F29F54B722429EEC00CCC0B8 /* Sky.swift */ = {isa = PBXFileReference; lastKnownFileType = sourcecode.swift; path = Sky.swift; sourceTree = "<group>"; };
		F29F54BB22430D2900CCC0B8 /* CornstalkImageView.swift */ = {isa = PBXFileReference; lastKnownFileType = sourcecode.swift; path = CornstalkImageView.swift; sourceTree = "<group>"; };
		F29F54BE22431B5900CCC0B8 /* cs9.png */ = {isa = PBXFileReference; lastKnownFileType = image.png; path = cs9.png; sourceTree = "<group>"; };
		F29F54BF22431B5900CCC0B8 /* cs2.png */ = {isa = PBXFileReference; lastKnownFileType = image.png; path = cs2.png; sourceTree = "<group>"; };
		F29F54C022431B5900CCC0B8 /* cs8.png */ = {isa = PBXFileReference; lastKnownFileType = image.png; path = cs8.png; sourceTree = "<group>"; };
		F29F54C122431B5900CCC0B8 /* cs1.png */ = {isa = PBXFileReference; lastKnownFileType = image.png; name = cs1.png; path = "../../../../../../../../Desktop/cornfield-exports/cs1.png"; sourceTree = "<group>"; };
		F29F54C222431B5900CCC0B8 /* cs5.png */ = {isa = PBXFileReference; lastKnownFileType = image.png; path = cs5.png; sourceTree = "<group>"; };
		F29F54C322431B5900CCC0B8 /* cs6.png */ = {isa = PBXFileReference; lastKnownFileType = image.png; path = cs6.png; sourceTree = "<group>"; };
		F29F54C422431B5900CCC0B8 /* cs10.png */ = {isa = PBXFileReference; lastKnownFileType = image.png; path = cs10.png; sourceTree = "<group>"; };
		F29F54C522431B5900CCC0B8 /* cs7.png */ = {isa = PBXFileReference; lastKnownFileType = image.png; path = cs7.png; sourceTree = "<group>"; };
		F29F54C622431B5900CCC0B8 /* cs4.png */ = {isa = PBXFileReference; lastKnownFileType = image.png; path = cs4.png; sourceTree = "<group>"; };
		F29F54C722431B5900CCC0B8 /* cs3.png */ = {isa = PBXFileReference; lastKnownFileType = image.png; path = cs3.png; sourceTree = "<group>"; };
		F29F54C822431B5900CCC0B8 /* cs11.png */ = {isa = PBXFileReference; lastKnownFileType = image.png; path = cs11.png; sourceTree = "<group>"; };
		F29F54D422431BFD00CCC0B8 /* Cornfield.swift */ = {isa = PBXFileReference; lastKnownFileType = sourcecode.swift; path = Cornfield.swift; sourceTree = "<group>"; };
/* End PBXFileReference section */

/* Begin PBXFrameworksBuildPhase section */
		F21C7A59223C4C4100037120 /* Frameworks */ = {
			isa = PBXFrameworksBuildPhase;
			buildActionMask = 2147483647;
			files = (
			);
			runOnlyForDeploymentPostprocessing = 0;
		};
/* End PBXFrameworksBuildPhase section */

/* Begin PBXGroup section */
		F21C7A53223C4C4100037120 = {
			isa = PBXGroup;
			children = (
				F21C7A5E223C4C4100037120 /* wwdc-2019 */,
				F21C7A5D223C4C4100037120 /* Products */,
			);
			sourceTree = "<group>";
		};
		F21C7A5D223C4C4100037120 /* Products */ = {
			isa = PBXGroup;
			children = (
				F21C7A5C223C4C4100037120 /* wwdc-2019.app */,
			);
			name = Products;
			sourceTree = "<group>";
		};
		F21C7A5E223C4C4100037120 /* wwdc-2019 */ = {
			isa = PBXGroup;
			children = (
				F21C7A5F223C4C4100037120 /* AppDelegate.swift */,
				F21C7A61223C4C4100037120 /* ViewController.swift */,
				F29F54D422431BFD00CCC0B8 /* Cornfield.swift */,
				F29F54BB22430D2900CCC0B8 /* CornstalkImageView.swift */,
				F29F54B322427BD000CCC0B8 /* Fireflies.swift */,
				F29F54B722429EEC00CCC0B8 /* Sky.swift */,
				F29F54BD22431B4D00CCC0B8 /* cornstalks */,
				F23FB6092241516700CBC3B5 /* star-circle.png */,
				F29F54B522427DD300CCC0B8 /* firefly.png */,
				F21C7A63223C4C4100037120 /* Main.storyboard */,
				F21C7A66223C4C4300037120 /* Assets.xcassets */,
				F21C7A68223C4C4300037120 /* LaunchScreen.storyboard */,
				F21C7A6B223C4C4300037120 /* Info.plist */,
			);
			path = "wwdc-2019";
			sourceTree = "<group>";
		};
		F29F54BD22431B4D00CCC0B8 /* cornstalks */ = {
			isa = PBXGroup;
			children = (
				F29F54C122431B5900CCC0B8 /* cs1.png */,
				F29F54BF22431B5900CCC0B8 /* cs2.png */,
				F29F54C722431B5900CCC0B8 /* cs3.png */,
				F29F54C622431B5900CCC0B8 /* cs4.png */,
				F29F54C222431B5900CCC0B8 /* cs5.png */,
				F29F54C322431B5900CCC0B8 /* cs6.png */,
				F29F54C522431B5900CCC0B8 /* cs7.png */,
				F29F54C022431B5900CCC0B8 /* cs8.png */,
				F29F54BE22431B5900CCC0B8 /* cs9.png */,
				F29F54C422431B5900CCC0B8 /* cs10.png */,
				F29F54C822431B5900CCC0B8 /* cs11.png */,
			);
			path = cornstalks;
			sourceTree = "<group>";
		};
/* End PBXGroup section */

/* Begin PBXNativeTarget section */
		F21C7A5B223C4C4100037120 /* wwdc-2019 */ = {
			isa = PBXNativeTarget;
			buildConfigurationList = F21C7A6E223C4C4300037120 /* Build configuration list for PBXNativeTarget "wwdc-2019" */;
			buildPhases = (
				F21C7A58223C4C4100037120 /* Sources */,
				F21C7A59223C4C4100037120 /* Frameworks */,
				F21C7A5A223C4C4100037120 /* Resources */,
			);
			buildRules = (
			);
			dependencies = (
			);
			name = "wwdc-2019";
			productName = "wwdc-2019";
			productReference = F21C7A5C223C4C4100037120 /* wwdc-2019.app */;
			productType = "com.apple.product-type.application";
		};
/* End PBXNativeTarget section */

/* Begin PBXProject section */
		F21C7A54223C4C4100037120 /* Project object */ = {
			isa = PBXProject;
			attributes = {
				LastSwiftUpdateCheck = 1010;
				LastUpgradeCheck = 1010;
				ORGANIZATIONNAME = "Dominic Holmes";
				TargetAttributes = {
					F21C7A5B223C4C4100037120 = {
						CreatedOnToolsVersion = 10.1;
					};
				};
			};
			buildConfigurationList = F21C7A57223C4C4100037120 /* Build configuration list for PBXProject "wwdc-2019" */;
			compatibilityVersion = "Xcode 9.3";
			developmentRegion = en;
			hasScannedForEncodings = 0;
			knownRegions = (
				en,
				Base,
			);
			mainGroup = F21C7A53223C4C4100037120;
			productRefGroup = F21C7A5D223C4C4100037120 /* Products */;
			projectDirPath = "";
			projectRoot = "";
			targets = (
				F21C7A5B223C4C4100037120 /* wwdc-2019 */,
			);
		};
/* End PBXProject section */

/* Begin PBXResourcesBuildPhase section */
		F21C7A5A223C4C4100037120 /* Resources */ = {
			isa = PBXResourcesBuildPhase;
			buildActionMask = 2147483647;
			files = (
				F29F54CB22431B5900CCC0B8 /* cs8.png in Resources */,
				F29F54CC22431B5900CCC0B8 /* cs1.png in Resources */,
				F29F54B622427DD300CCC0B8 /* firefly.png in Resources */,
				F29F54D222431B5900CCC0B8 /* cs3.png in Resources */,
				F29F54D122431B5900CCC0B8 /* cs4.png in Resources */,
				F21C7A6A223C4C4300037120 /* LaunchScreen.storyboard in Resources */,
				F29F54CA22431B5900CCC0B8 /* cs2.png in Resources */,
				F29F54CF22431B5900CCC0B8 /* cs10.png in Resources */,
				F29F54D322431B5900CCC0B8 /* cs11.png in Resources */,
				F29F54C922431B5900CCC0B8 /* cs9.png in Resources */,
				F29F54CE22431B5900CCC0B8 /* cs6.png in Resources */,
				F21C7A67223C4C4300037120 /* Assets.xcassets in Resources */,
				F29F54CD22431B5900CCC0B8 /* cs5.png in Resources */,
				F29F54D022431B5900CCC0B8 /* cs7.png in Resources */,
				F21C7A65223C4C4100037120 /* Main.storyboard in Resources */,
				F23FB60A2241516700CBC3B5 /* star-circle.png in Resources */,
			);
			runOnlyForDeploymentPostprocessing = 0;
		};
/* End PBXResourcesBuildPhase section */

/* Begin PBXSourcesBuildPhase section */
		F21C7A58223C4C4100037120 /* Sources */ = {
			isa = PBXSourcesBuildPhase;
			buildActionMask = 2147483647;
			files = (
				F21C7A62223C4C4100037120 /* ViewController.swift in Sources */,
				F21C7A60223C4C4100037120 /* AppDelegate.swift in Sources */,
				F29F54BC22430D2900CCC0B8 /* CornstalkImageView.swift in Sources */,
				F29F54B422427BD000CCC0B8 /* Fireflies.swift in Sources */,
				F29F54D522431BFD00CCC0B8 /* Cornfield.swift in Sources */,
				F29F54B822429EEC00CCC0B8 /* Sky.swift in Sources */,
			);
			runOnlyForDeploymentPostprocessing = 0;
		};
/* End PBXSourcesBuildPhase section */

/* Begin PBXVariantGroup section */
		F21C7A63223C4C4100037120 /* Main.storyboard */ = {
			isa = PBXVariantGroup;
			children = (
				F21C7A64223C4C4100037120 /* Base */,
			);
			name = Main.storyboard;
			sourceTree = "<group>";
		};
		F21C7A68223C4C4300037120 /* LaunchScreen.storyboard */ = {
			isa = PBXVariantGroup;
			children = (
				F21C7A69223C4C4300037120 /* Base */,
			);
			name = LaunchScreen.storyboard;
			sourceTree = "<group>";
		};
/* End PBXVariantGroup section */

/* Begin XCBuildConfiguration section */
		F21C7A6C223C4C4300037120 /* Debug */ = {
			isa = XCBuildConfiguration;
			buildSettings = {
				ALWAYS_SEARCH_USER_PATHS = NO;
				CLANG_ANALYZER_NONNULL = YES;
				CLANG_ANALYZER_NUMBER_OBJECT_CONVERSION = YES_AGGRESSIVE;
				CLANG_CXX_LANGUAGE_STANDARD = "gnu++14";
				CLANG_CXX_LIBRARY = "libc++";
				CLANG_ENABLE_MODULES = YES;
				CLANG_ENABLE_OBJC_ARC = YES;
				CLANG_ENABLE_OBJC_WEAK = YES;
				CLANG_WARN_BLOCK_CAPTURE_AUTORELEASING = YES;
				CLANG_WARN_BOOL_CONVERSION = YES;
				CLANG_WARN_COMMA = YES;
				CLANG_WARN_CONSTANT_CONVERSION = YES;
				CLANG_WARN_DEPRECATED_OBJC_IMPLEMENTATIONS = YES;
				CLANG_WARN_DIRECT_OBJC_ISA_USAGE = YES_ERROR;
				CLANG_WARN_DOCUMENTATION_COMMENTS = YES;
				CLANG_WARN_EMPTY_BODY = YES;
				CLANG_WARN_ENUM_CONVERSION = YES;
				CLANG_WARN_INFINITE_RECURSION = YES;
				CLANG_WARN_INT_CONVERSION = YES;
				CLANG_WARN_NON_LITERAL_NULL_CONVERSION = YES;
				CLANG_WARN_OBJC_IMPLICIT_RETAIN_SELF = YES;
				CLANG_WARN_OBJC_LITERAL_CONVERSION = YES;
				CLANG_WARN_OBJC_ROOT_CLASS = YES_ERROR;
				CLANG_WARN_RANGE_LOOP_ANALYSIS = YES;
				CLANG_WARN_STRICT_PROTOTYPES = YES;
				CLANG_WARN_SUSPICIOUS_MOVE = YES;
				CLANG_WARN_UNGUARDED_AVAILABILITY = YES_AGGRESSIVE;
				CLANG_WARN_UNREACHABLE_CODE = YES;
				CLANG_WARN__DUPLICATE_METHOD_MATCH = YES;
				CODE_SIGN_IDENTITY = "iPhone Developer";
				COPY_PHASE_STRIP = NO;
				DEBUG_INFORMATION_FORMAT = dwarf;
				ENABLE_STRICT_OBJC_MSGSEND = YES;
				ENABLE_TESTABILITY = YES;
				GCC_C_LANGUAGE_STANDARD = gnu11;
				GCC_DYNAMIC_NO_PIC = NO;
				GCC_NO_COMMON_BLOCKS = YES;
				GCC_OPTIMIZATION_LEVEL = 0;
				GCC_PREPROCESSOR_DEFINITIONS = (
					"DEBUG=1",
					"$(inherited)",
				);
				GCC_WARN_64_TO_32_BIT_CONVERSION = YES;
				GCC_WARN_ABOUT_RETURN_TYPE = YES_ERROR;
				GCC_WARN_UNDECLARED_SELECTOR = YES;
				GCC_WARN_UNINITIALIZED_AUTOS = YES_AGGRESSIVE;
				GCC_WARN_UNUSED_FUNCTION = YES;
				GCC_WARN_UNUSED_VARIABLE = YES;
				IPHONEOS_DEPLOYMENT_TARGET = 12.0;
				MTL_ENABLE_DEBUG_INFO = INCLUDE_SOURCE;
				MTL_FAST_MATH = YES;
				ONLY_ACTIVE_ARCH = YES;
				SDKROOT = iphoneos;
				SWIFT_ACTIVE_COMPILATION_CONDITIONS = DEBUG;
				SWIFT_OPTIMIZATION_LEVEL = "-Onone";
			};
			name = Debug;
		};
		F21C7A6D223C4C4300037120 /* Release */ = {
			isa = XCBuildConfiguration;
			buildSettings = {
				ALWAYS_SEARCH_USER_PATHS = NO;
				CLANG_ANALYZER_NONNULL = YES;
				CLANG_ANALYZER_NUMBER_OBJECT_CONVERSION = YES_AGGRESSIVE;
				CLANG_CXX_LANGUAGE_STANDARD = "gnu++14";
				CLANG_CXX_LIBRARY = "libc++";
				CLANG_ENABLE_MODULES = YES;
				CLANG_ENABLE_OBJC_ARC = YES;
				CLANG_ENABLE_OBJC_WEAK = YES;
				CLANG_WARN_BLOCK_CAPTURE_AUTORELEASING = YES;
				CLANG_WARN_BOOL_CONVERSION = YES;
				CLANG_WARN_COMMA = YES;
				CLANG_WARN_CONSTANT_CONVERSION = YES;
				CLANG_WARN_DEPRECATED_OBJC_IMPLEMENTATIONS = YES;
				CLANG_WARN_DIRECT_OBJC_ISA_USAGE = YES_ERROR;
				CLANG_WARN_DOCUMENTATION_COMMENTS = YES;
				CLANG_WARN_EMPTY_BODY = YES;
				CLANG_WARN_ENUM_CONVERSION = YES;
				CLANG_WARN_INFINITE_RECURSION = YES;
				CLANG_WARN_INT_CONVERSION = YES;
				CLANG_WARN_NON_LITERAL_NULL_CONVERSION = YES;
				CLANG_WARN_OBJC_IMPLICIT_RETAIN_SELF = YES;
				CLANG_WARN_OBJC_LITERAL_CONVERSION = YES;
				CLANG_WARN_OBJC_ROOT_CLASS = YES_ERROR;
				CLANG_WARN_RANGE_LOOP_ANALYSIS = YES;
				CLANG_WARN_STRICT_PROTOTYPES = YES;
				CLANG_WARN_SUSPICIOUS_MOVE = YES;
				CLANG_WARN_UNGUARDED_AVAILABILITY = YES_AGGRESSIVE;
				CLANG_WARN_UNREACHABLE_CODE = YES;
				CLANG_WARN__DUPLICATE_METHOD_MATCH = YES;
				CODE_SIGN_IDENTITY = "iPhone Developer";
				COPY_PHASE_STRIP = NO;
				DEBUG_INFORMATION_FORMAT = "dwarf-with-dsym";
				ENABLE_NS_ASSERTIONS = NO;
				ENABLE_STRICT_OBJC_MSGSEND = YES;
				GCC_C_LANGUAGE_STANDARD = gnu11;
				GCC_NO_COMMON_BLOCKS = YES;
				GCC_WARN_64_TO_32_BIT_CONVERSION = YES;
				GCC_WARN_ABOUT_RETURN_TYPE = YES_ERROR;
				GCC_WARN_UNDECLARED_SELECTOR = YES;
				GCC_WARN_UNINITIALIZED_AUTOS = YES_AGGRESSIVE;
				GCC_WARN_UNUSED_FUNCTION = YES;
				GCC_WARN_UNUSED_VARIABLE = YES;
				IPHONEOS_DEPLOYMENT_TARGET = 12.0;
				MTL_ENABLE_DEBUG_INFO = NO;
				MTL_FAST_MATH = YES;
				SDKROOT = iphoneos;
				SWIFT_COMPILATION_MODE = wholemodule;
				SWIFT_OPTIMIZATION_LEVEL = "-O";
				VALIDATE_PRODUCT = YES;
			};
			name = Release;
		};
		F21C7A6F223C4C4300037120 /* Debug */ = {
			isa = XCBuildConfiguration;
			buildSettings = {
				ALWAYS_EMBED_SWIFT_STANDARD_LIBRARIES = NO;
				ASSETCATALOG_COMPILER_APPICON_NAME = AppIcon;
				CODE_SIGN_STYLE = Automatic;
				DEVELOPMENT_TEAM = 374VQ98E23;
				INFOPLIST_FILE = "wwdc-2019/Info.plist";
				LD_RUNPATH_SEARCH_PATHS = (
					"$(inherited)",
					"@executable_path/Frameworks",
				);
				PRODUCT_BUNDLE_IDENTIFIER = "land.dominic.wwdc-2019";
				PRODUCT_NAME = "$(TARGET_NAME)";
				SWIFT_VERSION = 4.2;
				TARGETED_DEVICE_FAMILY = "1,2";
			};
			name = Debug;
		};
		F21C7A70223C4C4300037120 /* Release */ = {
			isa = XCBuildConfiguration;
			buildSettings = {
				ALWAYS_EMBED_SWIFT_STANDARD_LIBRARIES = NO;
				ASSETCATALOG_COMPILER_APPICON_NAME = AppIcon;
				CODE_SIGN_STYLE = Automatic;
				DEVELOPMENT_TEAM = 374VQ98E23;
				INFOPLIST_FILE = "wwdc-2019/Info.plist";
				LD_RUNPATH_SEARCH_PATHS = (
					"$(inherited)",
					"@executable_path/Frameworks",
				);
				PRODUCT_BUNDLE_IDENTIFIER = "land.dominic.wwdc-2019";
				PRODUCT_NAME = "$(TARGET_NAME)";
				SWIFT_VERSION = 4.2;
				TARGETED_DEVICE_FAMILY = "1,2";
			};
			name = Release;
		};
/* End XCBuildConfiguration section */

/* Begin XCConfigurationList section */
		F21C7A57223C4C4100037120 /* Build configuration list for PBXProject "wwdc-2019" */ = {
			isa = XCConfigurationList;
			buildConfigurations = (
				F21C7A6C223C4C4300037120 /* Debug */,
				F21C7A6D223C4C4300037120 /* Release */,
			);
			defaultConfigurationIsVisible = 0;
			defaultConfigurationName = Release;
		};
		F21C7A6E223C4C4300037120 /* Build configuration list for PBXNativeTarget "wwdc-2019" */ = {
			isa = XCConfigurationList;
			buildConfigurations = (
				F21C7A6F223C4C4300037120 /* Debug */,
				F21C7A70223C4C4300037120 /* Release */,
			);
			defaultConfigurationIsVisible = 0;
			defaultConfigurationName = Release;
		};
/* End XCConfigurationList section */
	};
	rootObject = F21C7A54223C4C4100037120 /* Project object */;
}
